
Microsoft Visual Studio Solution File, Format Version 12.00
# Visual Studio Version 17
VisualStudioVersion = 17.5.33530.505
MinimumVisualStudioVersion = 10.0.40219.1
Project("{9A19103F-16F7-4668-BE54-9A1E7A4F7556}") = "LotteryResult", "LotteryResult\LotteryResult.csproj", "{A327E939-FBB8-4D07-8337-1AD88A4CA6A6}"
EndProject
Project("{FAE04EC0-301F-11D3-BF4B-00C04F79EFBC}") = "LotteryResult.Data", "LotteryResult.Data\LotteryResult.Data.csproj", "{5AC3DA6A-4468-46FD-BB6A-7F813792246D}"
EndProject
Global
	GlobalSection(SolutionConfigurationPlatforms) = preSolution
		Debug|Any CPU = Debug|Any CPU
		Release|Any CPU = Release|Any CPU
	EndGlobalSection
	GlobalSection(ProjectConfigurationPlatforms) = postSolution
		{A327E939-FBB8-4D07-8337-1AD88A4CA6A6}.Debug|Any CPU.ActiveCfg = Debug|Any CPU
		{A327E939-FBB8-4D07-8337-1AD88A4CA6A6}.Debug|Any CPU.Build.0 = Debug|Any CPU
		{A327E939-FBB8-4D07-8337-1AD88A4CA6A6}.Release|Any CPU.ActiveCfg = Release|Any CPU
		{A327E939-FBB8-4D07-8337-1AD88A4CA6A6}.Release|Any CPU.Build.0 = Release|Any CPU
		{5AC3DA6A-4468-46FD-BB6A-7F813792246D}.Debug|Any CPU.ActiveCfg = Debug|Any CPU
		{5AC3DA6A-4468-46FD-BB6A-7F813792246D}.Debug|Any CPU.Build.0 = Debug|Any CPU
		{5AC3DA6A-4468-46FD-BB6A-7F813792246D}.Release|Any CPU.ActiveCfg = Release|Any CPU
		{5AC3DA6A-4468-46FD-BB6A-7F813792246D}.Release|Any CPU.Build.0 = Release|Any CPU
	EndGlobalSection
	GlobalSection(SolutionProperties) = preSolution
		HideSolutionNode = FALSE
	EndGlobalSection
	GlobalSection(ExtensibilityGlobals) = postSolution
		SolutionGuid = {7C940F0E-7A24-460A-9AFE-153F78CACD41}
	EndGlobalSection
EndGlobal
